
Microsoft Visual Studio Solution File, Format Version 12.00
# Visual Studio Version 17
VisualStudioVersion = 17.2.32630.192
MinimumVisualStudioVersion = 10.0.40219.1
Project("{FAE04EC0-301F-11D3-BF4B-00C04F79EFBC}") = "2Darrays", "2Darrays\2Darrays.csproj", "{99041FA1-C01D-4C21-8E47-39B7364A80CB}"
EndProject
Global
	GlobalSection(SolutionConfigurationPlatforms) = preSolution
		Debug|Any CPU = Debug|Any CPU
		Release|Any CPU = Release|Any CPU
	EndGlobalSection
	GlobalSection(ProjectConfigurationPlatforms) = postSolution
		{99041FA1-C01D-4C21-8E47-39B7364A80CB}.Debug|Any CPU.ActiveCfg = Debug|Any CPU
		{99041FA1-C01D-4C21-8E47-39B7364A80CB}.Debug|Any CPU.Build.0 = Debug|Any CPU
		{99041FA1-C01D-4C21-8E47-39B7364A80CB}.Release|Any CPU.ActiveCfg = Release|Any CPU
		{99041FA1-C01D-4C21-8E47-39B7364A80CB}.Release|Any CPU.Build.0 = Release|Any CPU
	EndGlobalSection
	GlobalSection(SolutionProperties) = preSolution
		HideSolutionNode = FALSE
	EndGlobalSection
	GlobalSection(ExtensibilityGlobals) = postSolution
		SolutionGuid = {EC6D27E5-E70D-42C0-8B9C-EA42DBC61E57}
	EndGlobalSection
EndGlobal
